# THIS IS AN AUTOGENERATED FILE. DO NOT EDIT THIS FILE DIRECTLY.
# yarn lockfile v1


arrify@^1.0.0:
  version "1.0.1"
  resolved "https://registry.yarnpkg.com/arrify/-/arrify-1.0.1.tgz#898508da2226f380df904728456849c1501a4b0d"

dot-prop@^4.1.1, dot-prop@^4.2.0:
  version "4.2.0"
  resolved "https://registry.yarnpkg.com/dot-prop/-/dot-prop-4.2.0.tgz#1f19e0c2e1aa0e32797c49799f2837ac6af69c57"
  dependencies:
    is-obj "^1.0.0"

is-obj@^1.0.0:
  version "1.0.1"
  resolved "http://registry.npmjs.org/is-obj/-/is-obj-1.0.1.tgz#3e4729ac1f5fde025cd7d83a896dab9f4f67db0f"

sort-on@^3.0.0:
  version "3.0.0"
  resolved "https://registry.yarnpkg.com/sort-on/-/sort-on-3.0.0.tgz#8094005281bf450e91ac4cb4c4cf00c3d6569c41"
  dependencies:
    arrify "^1.0.0"
    dot-prop "^4.1.1"
